
Microsoft Visual Studio Solution File, Format Version 12.00
# Visual Studio 14
VisualStudioVersion = 14.0.24720.0
MinimumVisualStudioVersion = 10.0.40219.1
Project("{FAE04EC0-301F-11D3-BF4B-00C04F79EFBC}") = "ContainerControl.Domain", "ContainerControl.Domain\ContainerControl.Domain.csproj", "{9369D218-D0C6-47F4-AA1A-B92302442E90}"
EndProject
Project("{FAE04EC0-301F-11D3-BF4B-00C04F79EFBC}") = "ContainerControl.DAL", "ContainerControl.DAL\ContainerControl.DAL.csproj", "{29BF20C4-E851-47B7-AEF9-D7E985A4230D}"
EndProject
Project("{FAE04EC0-301F-11D3-BF4B-00C04F79EFBC}") = "ContainerControl.Application", "ContainerControl.Application\ContainerControl.Application.csproj", "{709D252A-C8A2-4AA4-A790-F940040081BB}"
EndProject
Project("{FAE04EC0-301F-11D3-BF4B-00C04F79EFBC}") = "ContainerControl.Application.Test", "ContainerControl.Application.Test\ContainerControl.Application.Test.csproj", "{292A3269-1E57-4DD4-B7EA-F987FADCC86E}"
EndProject
Global
	GlobalSection(SolutionConfigurationPlatforms) = preSolution
		Debug|Any CPU = Debug|Any CPU
		Release|Any CPU = Release|Any CPU
	EndGlobalSection
	GlobalSection(ProjectConfigurationPlatforms) = postSolution
		{9369D218-D0C6-47F4-AA1A-B92302442E90}.Debug|Any CPU.ActiveCfg = Debug|Any CPU
		{9369D218-D0C6-47F4-AA1A-B92302442E90}.Debug|Any CPU.Build.0 = Debug|Any CPU
		{9369D218-D0C6-47F4-AA1A-B92302442E90}.Release|Any CPU.ActiveCfg = Release|Any CPU
		{9369D218-D0C6-47F4-AA1A-B92302442E90}.Release|Any CPU.Build.0 = Release|Any CPU
		{29BF20C4-E851-47B7-AEF9-D7E985A4230D}.Debug|Any CPU.ActiveCfg = Debug|Any CPU
		{29BF20C4-E851-47B7-AEF9-D7E985A4230D}.Debug|Any CPU.Build.0 = Debug|Any CPU
		{29BF20C4-E851-47B7-AEF9-D7E985A4230D}.Release|Any CPU.ActiveCfg = Release|Any CPU
		{29BF20C4-E851-47B7-AEF9-D7E985A4230D}.Release|Any CPU.Build.0 = Release|Any CPU
		{709D252A-C8A2-4AA4-A790-F940040081BB}.Debug|Any CPU.ActiveCfg = Debug|Any CPU
		{709D252A-C8A2-4AA4-A790-F940040081BB}.Debug|Any CPU.Build.0 = Debug|Any CPU
		{709D252A-C8A2-4AA4-A790-F940040081BB}.Release|Any CPU.ActiveCfg = Release|Any CPU
		{709D252A-C8A2-4AA4-A790-F940040081BB}.Release|Any CPU.Build.0 = Release|Any CPU
		{292A3269-1E57-4DD4-B7EA-F987FADCC86E}.Debug|Any CPU.ActiveCfg = Debug|Any CPU
		{292A3269-1E57-4DD4-B7EA-F987FADCC86E}.Debug|Any CPU.Build.0 = Debug|Any CPU
		{292A3269-1E57-4DD4-B7EA-F987FADCC86E}.Release|Any CPU.ActiveCfg = Release|Any CPU
		{292A3269-1E57-4DD4-B7EA-F987FADCC86E}.Release|Any CPU.Build.0 = Release|Any CPU
	EndGlobalSection
	GlobalSection(SolutionProperties) = preSolution
		HideSolutionNode = FALSE
	EndGlobalSection
EndGlobal
